// !$*UTF8*$!
{
	archiveVersion = 1;
	classes = {
	};
	objectVersion = 46;
	objects = {

/* Begin PBXBuildFile section */
		3F4893501AED67C100280B7C /* UserSettings.m in Sources */ = {isa = PBXBuildFile; fileRef = 3F48934F1AED67C100280B7C /* UserSettings.m */; };
		3F4893541AED765F00280B7C /* careerbuilder.png in Resources */ = {isa = PBXBuildFile; fileRef = 3F4893511AED765F00280B7C /* careerbuilder.png */; };
		3F4893551AED765F00280B7C /* indeed.png in Resources */ = {isa = PBXBuildFile; fileRef = 3F4893521AED765F00280B7C /* indeed.png */; };
		3F4893561AED765F00280B7C /* monster.png in Resources */ = {isa = PBXBuildFile; fileRef = 3F4893531AED765F00280B7C /* monster.png */; };
		3F6CF32C1AE1C5D200406C9C /* CareerBuilderAPIDataSource.m in Sources */ = {isa = PBXBuildFile; fileRef = 3F6CF32B1AE1C5D200406C9C /* CareerBuilderAPIDataSource.m */; };
		3FBBC0911AE1B81D005F19FD /* MonsterDataSource.m in Sources */ = {isa = PBXBuildFile; fileRef = 3FBBC0901AE1B81D005F19FD /* MonsterDataSource.m */; };
		E81A72561AD08EAF00C0504F /* SearchViewController.xib in Resources */ = {isa = PBXBuildFile; fileRef = E81A72551AD08EAF00C0504F /* SearchViewController.xib */; };
		E81A72581AD09AA600C0504F /* CoreLocation.framework in Frameworks */ = {isa = PBXBuildFile; fileRef = E81A72571AD09AA600C0504F /* CoreLocation.framework */; };
		E848CEAF1ADEE718007B4272 /* IndeedAPIDataSource.m in Sources */ = {isa = PBXBuildFile; fileRef = E848CEAE1ADEE718007B4272 /* IndeedAPIDataSource.m */; };
		E848CEB21ADEF02D007B4272 /* Job.m in Sources */ = {isa = PBXBuildFile; fileRef = E848CEB11ADEF02D007B4272 /* Job.m */; };
		E85C28371AE1BED800012F38 /* ResultDetailViewController.m in Sources */ = {isa = PBXBuildFile; fileRef = E85C28361AE1BED800012F38 /* ResultDetailViewController.m */; };
		E882B5CA1ADB51B800E9B5BA /* SearchResultsTableViewController.m in Sources */ = {isa = PBXBuildFile; fileRef = E882B5C91ADB51B800E9B5BA /* SearchResultsTableViewController.m */; };
		E8E5C7731AE56FA900ACDBB0 /* logo.jpg in Resources */ = {isa = PBXBuildFile; fileRef = E8E5C7721AE56FA900ACDBB0 /* logo.jpg */; };
		E8FC4C7B1AD07E040028ED77 /* main.m in Sources */ = {isa = PBXBuildFile; fileRef = E8FC4C7A1AD07E040028ED77 /* main.m */; };
		E8FC4C7E1AD07E040028ED77 /* AppDelegate.m in Sources */ = {isa = PBXBuildFile; fileRef = E8FC4C7D1AD07E040028ED77 /* AppDelegate.m */; };
		E8FC4C811AD07E040028ED77 /* MyJobs.xcdatamodeld in Sources */ = {isa = PBXBuildFile; fileRef = E8FC4C7F1AD07E040028ED77 /* MyJobs.xcdatamodeld */; };
		E8FC4C841AD07E040028ED77 /* SearchViewController.m in Sources */ = {isa = PBXBuildFile; fileRef = E8FC4C831AD07E040028ED77 /* SearchViewController.m */; };
		E8FC4C871AD07E040028ED77 /* Main.storyboard in Resources */ = {isa = PBXBuildFile; fileRef = E8FC4C851AD07E040028ED77 /* Main.storyboard */; };
		E8FC4C891AD07E040028ED77 /* Images.xcassets in Resources */ = {isa = PBXBuildFile; fileRef = E8FC4C881AD07E040028ED77 /* Images.xcassets */; };
		E8FC4C8C1AD07E040028ED77 /* LaunchScreen.xib in Resources */ = {isa = PBXBuildFile; fileRef = E8FC4C8A1AD07E040028ED77 /* LaunchScreen.xib */; };
		E8FC4C981AD07E050028ED77 /* MyJobsTests.m in Sources */ = {isa = PBXBuildFile; fileRef = E8FC4C971AD07E050028ED77 /* MyJobsTests.m */; };
		E8FC4CA31AD080D20028ED77 /* FavoritesTableViewController.m in Sources */ = {isa = PBXBuildFile; fileRef = E8FC4CA21AD080D20028ED77 /* FavoritesTableViewController.m */; };
		E8FC4CA71AD081240028ED77 /* SettingsViewController.m in Sources */ = {isa = PBXBuildFile; fileRef = E8FC4CA51AD081240028ED77 /* SettingsViewController.m */; };
		E8FC4CAC1AD084D90028ED77 /* settings@2x.png in Resources */ = {isa = PBXBuildFile; fileRef = E8FC4CA91AD084D90028ED77 /* settings@2x.png */; };
		E8FC4CAD1AD084D90028ED77 /* favorites@2x.png in Resources */ = {isa = PBXBuildFile; fileRef = E8FC4CAA1AD084D90028ED77 /* favorites@2x.png */; };
		E8FC4CAE1AD084D90028ED77 /* search@2x.png in Resources */ = {isa = PBXBuildFile; fileRef = E8FC4CAB1AD084D90028ED77 /* search@2x.png */; };
/* End PBXBuildFile section */

/* Begin PBXContainerItemProxy section */
		E8FC4C921AD07E050028ED77 /* PBXContainerItemProxy */ = {
			isa = PBXContainerItemProxy;
			containerPortal = E8FC4C6D1AD07E040028ED77 /* Project object */;
			proxyType = 1;
			remoteGlobalIDString = E8FC4C741AD07E040028ED77;
			remoteInfo = MyJobs;
		};
/* End PBXContainerItemProxy section */

/* Begin PBXFileReference section */
		3F48934E1AED67C100280B7C /* UserSettings.h */ = {isa = PBXFileReference; fileEncoding = 4; lastKnownFileType = sourcecode.c.h; path = UserSettings.h; sourceTree = "<group>"; };
		3F48934F1AED67C100280B7C /* UserSettings.m */ = {isa = PBXFileReference; fileEncoding = 4; lastKnownFileType = sourcecode.c.objc; path = UserSettings.m; sourceTree = "<group>"; };
		3F4893511AED765F00280B7C /* careerbuilder.png */ = {isa = PBXFileReference; lastKnownFileType = image.png; name = careerbuilder.png; path = companyLogos/careerbuilder.png; sourceTree = "<group>"; };
		3F4893521AED765F00280B7C /* indeed.png */ = {isa = PBXFileReference; lastKnownFileType = image.png; name = indeed.png; path = companyLogos/indeed.png; sourceTree = "<group>"; };
		3F4893531AED765F00280B7C /* monster.png */ = {isa = PBXFileReference; lastKnownFileType = image.png; name = monster.png; path = companyLogos/monster.png; sourceTree = "<group>"; };
		3F6CF32A1AE1C5D200406C9C /* CareerBuilderAPIDataSource.h */ = {isa = PBXFileReference; fileEncoding = 4; lastKnownFileType = sourcecode.c.h; path = CareerBuilderAPIDataSource.h; sourceTree = "<group>"; };
		3F6CF32B1AE1C5D200406C9C /* CareerBuilderAPIDataSource.m */ = {isa = PBXFileReference; fileEncoding = 4; lastKnownFileType = sourcecode.c.objc; path = CareerBuilderAPIDataSource.m; sourceTree = "<group>"; };
		3FBBC08F1AE1B81D005F19FD /* MonsterDataSource.h */ = {isa = PBXFileReference; fileEncoding = 4; lastKnownFileType = sourcecode.c.h; path = MonsterDataSource.h; sourceTree = "<group>"; };
		3FBBC0901AE1B81D005F19FD /* MonsterDataSource.m */ = {isa = PBXFileReference; fileEncoding = 4; lastKnownFileType = sourcecode.c.objc; path = MonsterDataSource.m; sourceTree = "<group>"; };
		E81A72551AD08EAF00C0504F /* SearchViewController.xib */ = {isa = PBXFileReference; fileEncoding = 4; lastKnownFileType = file.xib; name = SearchViewController.xib; path = ../SearchViewController.xib; sourceTree = "<group>"; };
		E81A72571AD09AA600C0504F /* CoreLocation.framework */ = {isa = PBXFileReference; lastKnownFileType = wrapper.framework; name = CoreLocation.framework; path = System/Library/Frameworks/CoreLocation.framework; sourceTree = SDKROOT; };
		E848CEAD1ADEE718007B4272 /* IndeedAPIDataSource.h */ = {isa = PBXFileReference; fileEncoding = 4; lastKnownFileType = sourcecode.c.h; path = IndeedAPIDataSource.h; sourceTree = "<group>"; };
		E848CEAE1ADEE718007B4272 /* IndeedAPIDataSource.m */ = {isa = PBXFileReference; fileEncoding = 4; lastKnownFileType = sourcecode.c.objc; path = IndeedAPIDataSource.m; sourceTree = "<group>"; };
		E848CEB01ADEF02D007B4272 /* Job.h */ = {isa = PBXFileReference; fileEncoding = 4; lastKnownFileType = sourcecode.c.h; path = Job.h; sourceTree = "<group>"; };
		E848CEB11ADEF02D007B4272 /* Job.m */ = {isa = PBXFileReference; fileEncoding = 4; lastKnownFileType = sourcecode.c.objc; path = Job.m; sourceTree = "<group>"; };
		E85C28351AE1BED800012F38 /* ResultDetailViewController.h */ = {isa = PBXFileReference; fileEncoding = 4; lastKnownFileType = sourcecode.c.h; path = ResultDetailViewController.h; sourceTree = "<group>"; };
		E85C28361AE1BED800012F38 /* ResultDetailViewController.m */ = {isa = PBXFileReference; fileEncoding = 4; lastKnownFileType = sourcecode.c.objc; path = ResultDetailViewController.m; sourceTree = "<group>"; };
		E882B5C81ADB51B800E9B5BA /* SearchResultsTableViewController.h */ = {isa = PBXFileReference; fileEncoding = 4; lastKnownFileType = sourcecode.c.h; path = SearchResultsTableViewController.h; sourceTree = "<group>"; };
		E882B5C91ADB51B800E9B5BA /* SearchResultsTableViewController.m */ = {isa = PBXFileReference; fileEncoding = 4; lastKnownFileType = sourcecode.c.objc; path = SearchResultsTableViewController.m; sourceTree = "<group>"; };
		E8E5C7721AE56FA900ACDBB0 /* logo.jpg */ = {isa = PBXFileReference; lastKnownFileType = image.jpeg; path = logo.jpg; sourceTree = "<group>"; };
		E8FC4C751AD07E040028ED77 /* MyJobs.app */ = {isa = PBXFileReference; explicitFileType = wrapper.application; includeInIndex = 0; path = MyJobs.app; sourceTree = BUILT_PRODUCTS_DIR; };
		E8FC4C791AD07E040028ED77 /* Info.plist */ = {isa = PBXFileReference; lastKnownFileType = text.plist.xml; path = Info.plist; sourceTree = "<group>"; };
		E8FC4C7A1AD07E040028ED77 /* main.m */ = {isa = PBXFileReference; lastKnownFileType = sourcecode.c.objc; path = main.m; sourceTree = "<group>"; };
		E8FC4C7C1AD07E040028ED77 /* AppDelegate.h */ = {isa = PBXFileReference; lastKnownFileType = sourcecode.c.h; path = AppDelegate.h; sourceTree = "<group>"; };
		E8FC4C7D1AD07E040028ED77 /* AppDelegate.m */ = {isa = PBXFileReference; lastKnownFileType = sourcecode.c.objc; path = AppDelegate.m; sourceTree = "<group>"; };
		E8FC4C801AD07E040028ED77 /* MyJobs.xcdatamodel */ = {isa = PBXFileReference; lastKnownFileType = wrapper.xcdatamodel; path = MyJobs.xcdatamodel; sourceTree = "<group>"; };
		E8FC4C821AD07E040028ED77 /* SearchViewController.h */ = {isa = PBXFileReference; lastKnownFileType = sourcecode.c.h; path = SearchViewController.h; sourceTree = "<group>"; };
		E8FC4C831AD07E040028ED77 /* SearchViewController.m */ = {isa = PBXFileReference; lastKnownFileType = sourcecode.c.objc; path = SearchViewController.m; sourceTree = "<group>"; };
		E8FC4C861AD07E040028ED77 /* Base */ = {isa = PBXFileReference; lastKnownFileType = file.storyboard; name = Base; path = Base.lproj/Main.storyboard; sourceTree = "<group>"; };
		E8FC4C881AD07E040028ED77 /* Images.xcassets */ = {isa = PBXFileReference; lastKnownFileType = folder.assetcatalog; path = Images.xcassets; sourceTree = "<group>"; };
		E8FC4C8B1AD07E040028ED77 /* Base */ = {isa = PBXFileReference; lastKnownFileType = file.xib; name = Base; path = Base.lproj/LaunchScreen.xib; sourceTree = "<group>"; };
		E8FC4C911AD07E050028ED77 /* MyJobsTests.xctest */ = {isa = PBXFileReference; explicitFileType = wrapper.cfbundle; includeInIndex = 0; path = MyJobsTests.xctest; sourceTree = BUILT_PRODUCTS_DIR; };
		E8FC4C961AD07E050028ED77 /* Info.plist */ = {isa = PBXFileReference; lastKnownFileType = text.plist.xml; path = Info.plist; sourceTree = "<group>"; };
		E8FC4C971AD07E050028ED77 /* MyJobsTests.m */ = {isa = PBXFileReference; lastKnownFileType = sourcecode.c.objc; path = MyJobsTests.m; sourceTree = "<group>"; };
		E8FC4CA11AD080D20028ED77 /* FavoritesTableViewController.h */ = {isa = PBXFileReference; fileEncoding = 4; lastKnownFileType = sourcecode.c.h; path = FavoritesTableViewController.h; sourceTree = "<group>"; };
		E8FC4CA21AD080D20028ED77 /* FavoritesTableViewController.m */ = {isa = PBXFileReference; fileEncoding = 4; lastKnownFileType = sourcecode.c.objc; path = FavoritesTableViewController.m; sourceTree = "<group>"; };
		E8FC4CA41AD081240028ED77 /* SettingsViewController.h */ = {isa = PBXFileReference; fileEncoding = 4; lastKnownFileType = sourcecode.c.h; path = SettingsViewController.h; sourceTree = "<group>"; };
		E8FC4CA51AD081240028ED77 /* SettingsViewController.m */ = {isa = PBXFileReference; fileEncoding = 4; lastKnownFileType = sourcecode.c.objc; path = SettingsViewController.m; sourceTree = "<group>"; };
		E8FC4CA91AD084D90028ED77 /* settings@2x.png */ = {isa = PBXFileReference; lastKnownFileType = image.png; path = "settings@2x.png"; sourceTree = "<group>"; };
		E8FC4CAA1AD084D90028ED77 /* favorites@2x.png */ = {isa = PBXFileReference; lastKnownFileType = image.png; path = "favorites@2x.png"; sourceTree = "<group>"; };
		E8FC4CAB1AD084D90028ED77 /* search@2x.png */ = {isa = PBXFileReference; lastKnownFileType = image.png; path = "search@2x.png"; sourceTree = "<group>"; };
/* End PBXFileReference section */

/* Begin PBXFrameworksBuildPhase section */
		E8FC4C721AD07E040028ED77 /* Frameworks */ = {
			isa = PBXFrameworksBuildPhase;
			buildActionMask = 2147483647;
			files = (
				E81A72581AD09AA600C0504F /* CoreLocation.framework in Frameworks */,
			);
			runOnlyForDeploymentPostprocessing = 0;
		};
		E8FC4C8E1AD07E050028ED77 /* Frameworks */ = {
			isa = PBXFrameworksBuildPhase;
			buildActionMask = 2147483647;
			files = (
			);
			runOnlyForDeploymentPostprocessing = 0;
		};
/* End PBXFrameworksBuildPhase section */

/* Begin PBXGroup section */
		3FA66AE31AE19BD900942C6A /* CareerBuilder */ = {
			isa = PBXGroup;
			children = (
				3F6CF32A1AE1C5D200406C9C /* CareerBuilderAPIDataSource.h */,
				3F6CF32B1AE1C5D200406C9C /* CareerBuilderAPIDataSource.m */,
			);
			name = CareerBuilder;
			sourceTree = "<group>";
		};
		3FBBC08E1AE1B80E005F19FD /* Monster */ = {
			isa = PBXGroup;
			children = (
				3FBBC08F1AE1B81D005F19FD /* MonsterDataSource.h */,
				3FBBC0901AE1B81D005F19FD /* MonsterDataSource.m */,
			);
			name = Monster;
			sourceTree = "<group>";
		};
		E81A72591AD09B5500C0504F /* Frameworks */ = {
			isa = PBXGroup;
			children = (
				E81A72571AD09AA600C0504F /* CoreLocation.framework */,
			);
			name = Frameworks;
			sourceTree = "<group>";
		};
		E848CEB31ADEF060007B4272 /* Indeed */ = {
			isa = PBXGroup;
			children = (
				E848CEAD1ADEE718007B4272 /* IndeedAPIDataSource.h */,
				E848CEAE1ADEE718007B4272 /* IndeedAPIDataSource.m */,
			);
			name = Indeed;
			sourceTree = "<group>";
		};
		E8FC4C6C1AD07E040028ED77 = {
			isa = PBXGroup;
			children = (
				E81A72591AD09B5500C0504F /* Frameworks */,
				E8FC4C771AD07E040028ED77 /* MyJobs */,
				E8FC4C941AD07E050028ED77 /* MyJobsTests */,
				E8FC4C761AD07E040028ED77 /* Products */,
			);
			sourceTree = "<group>";
		};
		E8FC4C761AD07E040028ED77 /* Products */ = {
			isa = PBXGroup;
			children = (
				E8FC4C751AD07E040028ED77 /* MyJobs.app */,
				E8FC4C911AD07E050028ED77 /* MyJobsTests.xctest */,
			);
			name = Products;
			sourceTree = "<group>";
		};
		E8FC4C771AD07E040028ED77 /* MyJobs */ = {
			isa = PBXGroup;
			children = (
				3FBBC08E1AE1B80E005F19FD /* Monster */,
				3FA66AE31AE19BD900942C6A /* CareerBuilder */,
				E848CEB31ADEF060007B4272 /* Indeed */,
				E8FC4C7C1AD07E040028ED77 /* AppDelegate.h */,
				E8FC4C7D1AD07E040028ED77 /* AppDelegate.m */,
				E8FC4C821AD07E040028ED77 /* SearchViewController.h */,
				E8FC4C831AD07E040028ED77 /* SearchViewController.m */,
				E81A72551AD08EAF00C0504F /* SearchViewController.xib */,
				E8FC4CA11AD080D20028ED77 /* FavoritesTableViewController.h */,
				E8FC4CA21AD080D20028ED77 /* FavoritesTableViewController.m */,
				E8FC4CA41AD081240028ED77 /* SettingsViewController.h */,
				E8FC4CA51AD081240028ED77 /* SettingsViewController.m */,
				E848CEB01ADEF02D007B4272 /* Job.h */,
				E848CEB11ADEF02D007B4272 /* Job.m */,
				E882B5C81ADB51B800E9B5BA /* SearchResultsTableViewController.h */,
				E882B5C91ADB51B800E9B5BA /* SearchResultsTableViewController.m */,
				E85C28351AE1BED800012F38 /* ResultDetailViewController.h */,
				E85C28361AE1BED800012F38 /* ResultDetailViewController.m */,
				3F48934E1AED67C100280B7C /* UserSettings.h */,
				3F48934F1AED67C100280B7C /* UserSettings.m */,
				E8FC4C851AD07E040028ED77 /* Main.storyboard */,
				E8FC4C881AD07E040028ED77 /* Images.xcassets */,
				E8FC4C8A1AD07E040028ED77 /* LaunchScreen.xib */,
				E8FC4C7F1AD07E040028ED77 /* MyJobs.xcdatamodeld */,
				E8FC4C781AD07E040028ED77 /* Supporting Files */,
			);
			path = MyJobs;
			sourceTree = "<group>";
		};
		E8FC4C781AD07E040028ED77 /* Supporting Files */ = {
			isa = PBXGroup;
			children = (
				3F4893511AED765F00280B7C /* careerbuilder.png */,
				3F4893521AED765F00280B7C /* indeed.png */,
				3F4893531AED765F00280B7C /* monster.png */,
				E8E5C7721AE56FA900ACDBB0 /* logo.jpg */,
				E8FC4CAB1AD084D90028ED77 /* search@2x.png */,
				E8FC4CAA1AD084D90028ED77 /* favorites@2x.png */,
				E8FC4CA91AD084D90028ED77 /* settings@2x.png */,
				E8FC4C791AD07E040028ED77 /* Info.plist */,
				E8FC4C7A1AD07E040028ED77 /* main.m */,
			);
			name = "Supporting Files";
			sourceTree = "<group>";
		};
		E8FC4C941AD07E050028ED77 /* MyJobsTests */ = {
			isa = PBXGroup;
			children = (
				E8FC4C971AD07E050028ED77 /* MyJobsTests.m */,
				E8FC4C951AD07E050028ED77 /* Supporting Files */,
			);
			path = MyJobsTests;
			sourceTree = "<group>";
		};
		E8FC4C951AD07E050028ED77 /* Supporting Files */ = {
			isa = PBXGroup;
			children = (
				E8FC4C961AD07E050028ED77 /* Info.plist */,
			);
			name = "Supporting Files";
			sourceTree = "<group>";
		};
/* End PBXGroup section */

/* Begin PBXNativeTarget section */
		E8FC4C741AD07E040028ED77 /* MyJobs */ = {
			isa = PBXNativeTarget;
			buildConfigurationList = E8FC4C9B1AD07E050028ED77 /* Build configuration list for PBXNativeTarget "MyJobs" */;
			buildPhases = (
				E8FC4C711AD07E040028ED77 /* Sources */,
				E8FC4C721AD07E040028ED77 /* Frameworks */,
				E8FC4C731AD07E040028ED77 /* Resources */,
			);
			buildRules = (
			);
			dependencies = (
			);
			name = MyJobs;
			productName = MyJobs;
			productReference = E8FC4C751AD07E040028ED77 /* MyJobs.app */;
			productType = "com.apple.product-type.application";
		};
		E8FC4C901AD07E050028ED77 /* MyJobsTests */ = {
			isa = PBXNativeTarget;
			buildConfigurationList = E8FC4C9E1AD07E050028ED77 /* Build configuration list for PBXNativeTarget "MyJobsTests" */;
			buildPhases = (
				E8FC4C8D1AD07E050028ED77 /* Sources */,
				E8FC4C8E1AD07E050028ED77 /* Frameworks */,
				E8FC4C8F1AD07E050028ED77 /* Resources */,
			);
			buildRules = (
			);
			dependencies = (
				E8FC4C931AD07E050028ED77 /* PBXTargetDependency */,
			);
			name = MyJobsTests;
			productName = MyJobsTests;
			productReference = E8FC4C911AD07E050028ED77 /* MyJobsTests.xctest */;
			productType = "com.apple.product-type.bundle.unit-test";
		};
/* End PBXNativeTarget section */

/* Begin PBXProject section */
		E8FC4C6D1AD07E040028ED77 /* Project object */ = {
			isa = PBXProject;
			attributes = {
				LastUpgradeCheck = 0620;
				ORGANIZATIONNAME = "Joji Kubota";
				TargetAttributes = {
					E8FC4C741AD07E040028ED77 = {
						CreatedOnToolsVersion = 6.2;
					};
					E8FC4C901AD07E050028ED77 = {
						CreatedOnToolsVersion = 6.2;
						TestTargetID = E8FC4C741AD07E040028ED77;
					};
				};
			};
			buildConfigurationList = E8FC4C701AD07E040028ED77 /* Build configuration list for PBXProject "MyJobs" */;
			compatibilityVersion = "Xcode 3.2";
			developmentRegion = English;
			hasScannedForEncodings = 0;
			knownRegions = (
				en,
				Base,
			);
			mainGroup = E8FC4C6C1AD07E040028ED77;
			productRefGroup = E8FC4C761AD07E040028ED77 /* Products */;
			projectDirPath = "";
			projectRoot = "";
			targets = (
				E8FC4C741AD07E040028ED77 /* MyJobs */,
				E8FC4C901AD07E050028ED77 /* MyJobsTests */,
			);
		};
/* End PBXProject section */

/* Begin PBXResourcesBuildPhase section */
		E8FC4C731AD07E040028ED77 /* Resources */ = {
			isa = PBXResourcesBuildPhase;
			buildActionMask = 2147483647;
			files = (
				3F4893551AED765F00280B7C /* indeed.png in Resources */,
				E8E5C7731AE56FA900ACDBB0 /* logo.jpg in Resources */,
				3F4893541AED765F00280B7C /* careerbuilder.png in Resources */,
				E8FC4CAC1AD084D90028ED77 /* settings@2x.png in Resources */,
				E8FC4CAE1AD084D90028ED77 /* search@2x.png in Resources */,
				E8FC4C871AD07E040028ED77 /* Main.storyboard in Resources */,
				3F4893561AED765F00280B7C /* monster.png in Resources */,
				E8FC4CAD1AD084D90028ED77 /* favorites@2x.png in Resources */,
				E8FC4C8C1AD07E040028ED77 /* LaunchScreen.xib in Resources */,
				E8FC4C891AD07E040028ED77 /* Images.xcassets in Resources */,
				E81A72561AD08EAF00C0504F /* SearchViewController.xib in Resources */,
			);
			runOnlyForDeploymentPostprocessing = 0;
		};
		E8FC4C8F1AD07E050028ED77 /* Resources */ = {
			isa = PBXResourcesBuildPhase;
			buildActionMask = 2147483647;
			files = (
			);
			runOnlyForDeploymentPostprocessing = 0;
		};
/* End PBXResourcesBuildPhase section */

/* Begin PBXSourcesBuildPhase section */
		E8FC4C711AD07E040028ED77 /* Sources */ = {
			isa = PBXSourcesBuildPhase;
			buildActionMask = 2147483647;
			files = (
				E848CEB21ADEF02D007B4272 /* Job.m in Sources */,
				3F6CF32C1AE1C5D200406C9C /* CareerBuilderAPIDataSource.m in Sources */,
				E8FC4C811AD07E040028ED77 /* MyJobs.xcdatamodeld in Sources */,
				E8FC4C7E1AD07E040028ED77 /* AppDelegate.m in Sources */,
				E8FC4C841AD07E040028ED77 /* SearchViewController.m in Sources */,
				E882B5CA1ADB51B800E9B5BA /* SearchResultsTableViewController.m in Sources */,
				3F4893501AED67C100280B7C /* UserSettings.m in Sources */,
				E8FC4CA71AD081240028ED77 /* SettingsViewController.m in Sources */,
				E85C28371AE1BED800012F38 /* ResultDetailViewController.m in Sources */,
				E8FC4CA31AD080D20028ED77 /* FavoritesTableViewController.m in Sources */,
				3FBBC0911AE1B81D005F19FD /* MonsterDataSource.m in Sources */,
				E848CEAF1ADEE718007B4272 /* IndeedAPIDataSource.m in Sources */,
				E8FC4C7B1AD07E040028ED77 /* main.m in Sources */,
			);
			runOnlyForDeploymentPostprocessing = 0;
		};
		E8FC4C8D1AD07E050028ED77 /* Sources */ = {
			isa = PBXSourcesBuildPhase;
			buildActionMask = 2147483647;
			files = (
				E8FC4C981AD07E050028ED77 /* MyJobsTests.m in Sources */,
			);
			runOnlyForDeploymentPostprocessing = 0;
		};
/* End PBXSourcesBuildPhase section */

/* Begin PBXTargetDependency section */
		E8FC4C931AD07E050028ED77 /* PBXTargetDependency */ = {
			isa = PBXTargetDependency;
			target = E8FC4C741AD07E040028ED77 /* MyJobs */;
			targetProxy = E8FC4C921AD07E050028ED77 /* PBXContainerItemProxy */;
		};
/* End PBXTargetDependency section */

/* Begin PBXVariantGroup section */
		E8FC4C851AD07E040028ED77 /* Main.storyboard */ = {
			isa = PBXVariantGroup;
			children = (
				E8FC4C861AD07E040028ED77 /* Base */,
			);
			name = Main.storyboard;
			sourceTree = "<group>";
		};
		E8FC4C8A1AD07E040028ED77 /* LaunchScreen.xib */ = {
			isa = PBXVariantGroup;
			children = (
				E8FC4C8B1AD07E040028ED77 /* Base */,
			);
			name = LaunchScreen.xib;
			sourceTree = "<group>";
		};
/* End PBXVariantGroup section */

/* Begin XCBuildConfiguration section */
		E8FC4C991AD07E050028ED77 /* Debug */ = {
			isa = XCBuildConfiguration;
			buildSettings = {
				ALWAYS_SEARCH_USER_PATHS = NO;
				CLANG_CXX_LANGUAGE_STANDARD = "gnu++0x";
				CLANG_CXX_LIBRARY = "libc++";
				CLANG_ENABLE_MODULES = YES;
				CLANG_ENABLE_OBJC_ARC = YES;
				CLANG_WARN_BOOL_CONVERSION = YES;
				CLANG_WARN_CONSTANT_CONVERSION = YES;
				CLANG_WARN_DIRECT_OBJC_ISA_USAGE = YES_ERROR;
				CLANG_WARN_EMPTY_BODY = YES;
				CLANG_WARN_ENUM_CONVERSION = YES;
				CLANG_WARN_INT_CONVERSION = YES;
				CLANG_WARN_OBJC_ROOT_CLASS = YES_ERROR;
				CLANG_WARN_UNREACHABLE_CODE = YES;
				CLANG_WARN__DUPLICATE_METHOD_MATCH = YES;
				"CODE_SIGN_IDENTITY[sdk=iphoneos*]" = "iPhone Developer";
				COPY_PHASE_STRIP = NO;
				ENABLE_STRICT_OBJC_MSGSEND = YES;
				GCC_C_LANGUAGE_STANDARD = gnu99;
				GCC_DYNAMIC_NO_PIC = NO;
				GCC_OPTIMIZATION_LEVEL = 0;
				GCC_PREPROCESSOR_DEFINITIONS = (
					"DEBUG=1",
					"$(inherited)",
				);
				GCC_SYMBOLS_PRIVATE_EXTERN = NO;
				GCC_WARN_64_TO_32_BIT_CONVERSION = YES;
				GCC_WARN_ABOUT_RETURN_TYPE = YES_ERROR;
				GCC_WARN_UNDECLARED_SELECTOR = YES;
				GCC_WARN_UNINITIALIZED_AUTOS = YES_AGGRESSIVE;
				GCC_WARN_UNUSED_FUNCTION = YES;
				GCC_WARN_UNUSED_VARIABLE = YES;
				IPHONEOS_DEPLOYMENT_TARGET = 8.2;
				MTL_ENABLE_DEBUG_INFO = YES;
				ONLY_ACTIVE_ARCH = YES;
				SDKROOT = iphoneos;
			};
			name = Debug;
		};
		E8FC4C9A1AD07E050028ED77 /* Release */ = {
			isa = XCBuildConfiguration;
			buildSettings = {
				ALWAYS_SEARCH_USER_PATHS = NO;
				CLANG_CXX_LANGUAGE_STANDARD = "gnu++0x";
				CLANG_CXX_LIBRARY = "libc++";
				CLANG_ENABLE_MODULES = YES;
				CLANG_ENABLE_OBJC_ARC = YES;
				CLANG_WARN_BOOL_CONVERSION = YES;
				CLANG_WARN_CONSTANT_CONVERSION = YES;
				CLANG_WARN_DIRECT_OBJC_ISA_USAGE = YES_ERROR;
				CLANG_WARN_EMPTY_BODY = YES;
				CLANG_WARN_ENUM_CONVERSION = YES;
				CLANG_WARN_INT_CONVERSION = YES;
				CLANG_WARN_OBJC_ROOT_CLASS = YES_ERROR;
				CLANG_WARN_UNREACHABLE_CODE = YES;
				CLANG_WARN__DUPLICATE_METHOD_MATCH = YES;
				"CODE_SIGN_IDENTITY[sdk=iphoneos*]" = "iPhone Developer";
				COPY_PHASE_STRIP = NO;
				ENABLE_NS_ASSERTIONS = NO;
				ENABLE_STRICT_OBJC_MSGSEND = YES;
				GCC_C_LANGUAGE_STANDARD = gnu99;
				GCC_WARN_64_TO_32_BIT_CONVERSION = YES;
				GCC_WARN_ABOUT_RETURN_TYPE = YES_ERROR;
				GCC_WARN_UNDECLARED_SELECTOR = YES;
				GCC_WARN_UNINITIALIZED_AUTOS = YES_AGGRESSIVE;
				GCC_WARN_UNUSED_FUNCTION = YES;
				GCC_WARN_UNUSED_VARIABLE = YES;
				IPHONEOS_DEPLOYMENT_TARGET = 8.2;
				MTL_ENABLE_DEBUG_INFO = NO;
				SDKROOT = iphoneos;
				VALIDATE_PRODUCT = YES;
			};
			name = Release;
		};
		E8FC4C9C1AD07E050028ED77 /* Debug */ = {
			isa = XCBuildConfiguration;
			buildSettings = {
				ASSETCATALOG_COMPILER_APPICON_NAME = AppIcon;
				INFOPLIST_FILE = MyJobs/Info.plist;
				IPHONEOS_DEPLOYMENT_TARGET = 8.0;
				LD_RUNPATH_SEARCH_PATHS = "$(inherited) @executable_path/Frameworks";
				PRODUCT_NAME = "$(TARGET_NAME)";
			};
			name = Debug;
		};
		E8FC4C9D1AD07E050028ED77 /* Release */ = {
			isa = XCBuildConfiguration;
			buildSettings = {
				ASSETCATALOG_COMPILER_APPICON_NAME = AppIcon;
				INFOPLIST_FILE = MyJobs/Info.plist;
				IPHONEOS_DEPLOYMENT_TARGET = 8.0;
				LD_RUNPATH_SEARCH_PATHS = "$(inherited) @executable_path/Frameworks";
				PRODUCT_NAME = "$(TARGET_NAME)";
			};
			name = Release;
		};
		E8FC4C9F1AD07E050028ED77 /* Debug */ = {
			isa = XCBuildConfiguration;
			buildSettings = {
				BUNDLE_LOADER = "$(TEST_HOST)";
				FRAMEWORK_SEARCH_PATHS = (
					"$(SDKROOT)/Developer/Library/Frameworks",
					"$(inherited)",
				);
				GCC_PREPROCESSOR_DEFINITIONS = (
					"DEBUG=1",
					"$(inherited)",
				);
				INFOPLIST_FILE = MyJobsTests/Info.plist;
				LD_RUNPATH_SEARCH_PATHS = "$(inherited) @executable_path/Frameworks @loader_path/Frameworks";
				PRODUCT_NAME = "$(TARGET_NAME)";
				TEST_HOST = "$(BUILT_PRODUCTS_DIR)/MyJobs.app/MyJobs";
			};
			name = Debug;
		};
		E8FC4CA01AD07E050028ED77 /* Release */ = {
			isa = XCBuildConfiguration;
			buildSettings = {
				BUNDLE_LOADER = "$(TEST_HOST)";
				FRAMEWORK_SEARCH_PATHS = (
					"$(SDKROOT)/Developer/Library/Frameworks",
					"$(inherited)",
				);
				INFOPLIST_FILE = MyJobsTests/Info.plist;
				LD_RUNPATH_SEARCH_PATHS = "$(inherited) @executable_path/Frameworks @loader_path/Frameworks";
				PRODUCT_NAME = "$(TARGET_NAME)";
				TEST_HOST = "$(BUILT_PRODUCTS_DIR)/MyJobs.app/MyJobs";
			};
			name = Release;
		};
/* End XCBuildConfiguration section */

/* Begin XCConfigurationList section */
		E8FC4C701AD07E040028ED77 /* Build configuration list for PBXProject "MyJobs" */ = {
			isa = XCConfigurationList;
			buildConfigurations = (
				E8FC4C991AD07E050028ED77 /* Debug */,
				E8FC4C9A1AD07E050028ED77 /* Release */,
			);
			defaultConfigurationIsVisible = 0;
			defaultConfigurationName = Release;
		};
		E8FC4C9B1AD07E050028ED77 /* Build configuration list for PBXNativeTarget "MyJobs" */ = {
			isa = XCConfigurationList;
			buildConfigurations = (
				E8FC4C9C1AD07E050028ED77 /* Debug */,
				E8FC4C9D1AD07E050028ED77 /* Release */,
			);
			defaultConfigurationIsVisible = 0;
			defaultConfigurationName = Release;
		};
		E8FC4C9E1AD07E050028ED77 /* Build configuration list for PBXNativeTarget "MyJobsTests" */ = {
			isa = XCConfigurationList;
			buildConfigurations = (
				E8FC4C9F1AD07E050028ED77 /* Debug */,
				E8FC4CA01AD07E050028ED77 /* Release */,
			);
			defaultConfigurationIsVisible = 0;
			defaultConfigurationName = Release;
		};
/* End XCConfigurationList section */

/* Begin XCVersionGroup section */
		E8FC4C7F1AD07E040028ED77 /* MyJobs.xcdatamodeld */ = {
			isa = XCVersionGroup;
			children = (
				E8FC4C801AD07E040028ED77 /* MyJobs.xcdatamodel */,
			);
			currentVersion = E8FC4C801AD07E040028ED77 /* MyJobs.xcdatamodel */;
			path = MyJobs.xcdatamodeld;
			sourceTree = "<group>";
			versionGroupType = wrapper.xcdatamodel;
		};
/* End XCVersionGroup section */
	};
	rootObject = E8FC4C6D1AD07E040028ED77 /* Project object */;
}
